
Microsoft Visual Studio Solution File, Format Version 12.00
# Visual Studio Version 17
VisualStudioVersion = 17.9.34728.123
MinimumVisualStudioVersion = 10.0.40219.1
Project("{FAE04EC0-301F-11D3-BF4B-00C04F79EFBC}") = "WDBXlsxConverter", "WDBXlsxConverter.csproj", "{BA1CEFB8-0DA8-47FE-B44A-4D04980A03C6}"
EndProject
Global
	GlobalSection(SolutionConfigurationPlatforms) = preSolution
		Debug|Any CPU = Debug|Any CPU
		Release|Any CPU = Release|Any CPU
	EndGlobalSection
	GlobalSection(ProjectConfigurationPlatforms) = postSolution
		{BA1CEFB8-0DA8-47FE-B44A-4D04980A03C6}.Debug|Any CPU.ActiveCfg = Debug|Any CPU
		{BA1CEFB8-0DA8-47FE-B44A-4D04980A03C6}.Debug|Any CPU.Build.0 = Debug|Any CPU
		{BA1CEFB8-0DA8-47FE-B44A-4D04980A03C6}.Release|Any CPU.ActiveCfg = Release|Any CPU
		{BA1CEFB8-0DA8-47FE-B44A-4D04980A03C6}.Release|Any CPU.Build.0 = Release|Any CPU
	EndGlobalSection
	GlobalSection(SolutionProperties) = preSolution
		HideSolutionNode = FALSE
	EndGlobalSection
	GlobalSection(ExtensibilityGlobals) = postSolution
		SolutionGuid = {A0489BA6-0634-4E96-BE6F-E046D52B8643}
	EndGlobalSection
EndGlobal
